<?xml version="1.0" encoding="utf-8"?>
<Project ToolsVersion="4.0" xmlns="http://schemas.microsoft.com/developer/msbuild/2003">
  <ItemGroup>
    <Filter Include="Source Files">
      <UniqueIdentifier>{4FC737F1-C7A5-4376-A066-2A32D752A2FF}</UniqueIdentifier>
      <Extensions>cpp;c;cc;cxx;def;odl;idl;hpj;bat;asm;asmx</Extensions>
    </Filter>
    <Filter Include="Header Files">
      <UniqueIdentifier>{93995380-89BD-4b04-88EB-625FBE52EBFB}</UniqueIdentifier>
      <Extensions>h;hpp;hxx;hm;inl;inc;xsd</Extensions>
    </Filter>
    <Filter Include="Resource Files">
      <UniqueIdentifier>{67DA6AB6-F800-4c08-8B7A-83BB121AAD01}</UniqueIdentifier>
      <Extensions>rc;ico;cur;bmp;dlg;rc2;rct;bin;rgs;gif;jpg;jpeg;jpe;resx;tiff;tif;png;wav;mfcribbon-ms</Extensions>
    </Filter>
  </ItemGroup>
  <ItemGroup>
    <None Include="ReadMe.txt" />
    <None Include="res\CANopenLibSample_CPP.rc2">
      <Filter>Resource Files</Filter>
    </None>
    <None Include="res\CANopenLibSample_CPP.ico">
      <Filter>Resource Files</Filter>
    </None>
    <None Include="MOONS.bmp">
      <Filter>Resource Files</Filter>
    </None>
    <None Include="res\Stop.ico">
      <Filter>Resource Files</Filter>
    </None>
    <None Include="CANopenLib_x86.dll" />
    <None Include="kerneldlls\CAN232.dll" />
    <None Include="kerneldlls\CANET_TCP.dll" />
    <None Include="kerneldlls\CANETE.dll" />
    <None Include="kerneldlls\CANWIFI_TCP.dll" />
    <None Include="kerneldlls\CANWIFI_UDP.dll" />
    <None Include="kerneldlls\gisadll.dll" />
    <None Include="kerneldlls\gpcidll.dll" />
    <None Include="kerneldlls\isa5420.dll" />
    <None Include="kerneldlls\kerneldll.ini" />
    <None Include="kerneldlls\PC104C2.dll" />
    <None Include="kerneldlls\PC104CAN.dll" />
    <None Include="kerneldlls\PCI5121.dll" />
    <None Include="kerneldlls\usbcan.dll" />
    <None Include="ControlCAN.dll" />
    <None Include="PCANBasic.dll" />
    <None Include="canlib32.dll" />
  </ItemGroup>
  <ItemGroup>
    <ClInclude Include="CANopenLibSample_CPP.h">
      <Filter>Header Files</Filter>
    </ClInclude>
    <ClInclude Include="CANopenLibSample_CPPDlg.h">
      <Filter>Header Files</Filter>
    </ClInclude>
    <ClInclude Include="stdafx.h">
      <Filter>Header Files</Filter>
    </ClInclude>
    <ClInclude Include="targetver.h">
      <Filter>Header Files</Filter>
    </ClInclude>
    <ClInclude Include="Resource.h">
      <Filter>Header Files</Filter>
    </ClInclude>
    <ClInclude Include="TransparentPic.h">
      <Filter>Header Files</Filter>
    </ClInclude>
    <ClInclude Include="CANopenLibHelper.h">
      <Filter>Header Files</Filter>
    </ClInclude>
    <ClInclude Include="HexEditCtrl.h">
      <Filter>Header Files</Filter>
    </ClInclude>
    <ClInclude Include="QProgram.h">
      <Filter>Header Files</Filter>
    </ClInclude>
    <ClInclude Include="PosMode.h">
      <Filter>Header Files</Filter>
    </ClInclude>
    <ClInclude Include="Homing.h">
      <Filter>Header Files</Filter>
    </ClInclude>
  </ItemGroup>
  <ItemGroup>
    <ClCompile Include="CANopenLibSample_CPP.cpp">
      <Filter>Source Files</Filter>
    </ClCompile>
    <ClCompile Include="CANopenLibSample_CPPDlg.cpp">
      <Filter>Source Files</Filter>
    </ClCompile>
    <ClCompile Include="stdafx.cpp">
      <Filter>Source Files</Filter>
    </ClCompile>
    <ClCompile Include="CANopenLibHelper.cpp">
      <Filter>Source Files</Filter>
    </ClCompile>
    <ClCompile Include="HexEditCtrl.cpp">
      <Filter>Source Files</Filter>
    </ClCompile>
    <ClCompile Include="TransparentPic.cpp">
      <Filter>Source Files</Filter>
    </ClCompile>
    <ClCompile Include="PosMode.cpp">
      <Filter>Source Files</Filter>
    </ClCompile>
    <ClCompile Include="QProgram.cpp">
      <Filter>Source Files</Filter>
    </ClCompile>
    <ClCompile Include="Homing.cpp">
      <Filter>Source Files</Filter>
    </ClCompile>
  </ItemGroup>
  <ItemGroup>
    <ResourceCompile Include="CANopenLibSample_CPP.rc">
      <Filter>Resource Files</Filter>
    </ResourceCompile>
  </ItemGroup>
</Project>